// !$*UTF8*$!
{
	archiveVersion = 1;
	classes = {
	};
	objectVersion = 46;
	objects = {

/* Begin PBXBuildFile section */
		392217251DFE506D0014CE87 /* wf0.png in Resources */ = {isa = PBXBuildFile; fileRef = 3922170B1DFE506D0014CE87 /* wf0.png */; };
		392217261DFE506D0014CE87 /* wf1.png in Resources */ = {isa = PBXBuildFile; fileRef = 3922170C1DFE506D0014CE87 /* wf1.png */; };
		392217271DFE506D0014CE87 /* wf10.png in Resources */ = {isa = PBXBuildFile; fileRef = 3922170D1DFE506D0014CE87 /* wf10.png */; };
		392217281DFE506D0014CE87 /* wf11.png in Resources */ = {isa = PBXBuildFile; fileRef = 3922170E1DFE506D0014CE87 /* wf11.png */; };
		392217291DFE506D0014CE87 /* wf12.png in Resources */ = {isa = PBXBuildFile; fileRef = 3922170F1DFE506D0014CE87 /* wf12.png */; };
		3922172A1DFE506D0014CE87 /* wf13.png in Resources */ = {isa = PBXBuildFile; fileRef = 392217101DFE506D0014CE87 /* wf13.png */; };
		3922172B1DFE506D0014CE87 /* wf14.png in Resources */ = {isa = PBXBuildFile; fileRef = 392217111DFE506D0014CE87 /* wf14.png */; };
		3922172C1DFE506D0014CE87 /* wf15.png in Resources */ = {isa = PBXBuildFile; fileRef = 392217121DFE506D0014CE87 /* wf15.png */; };
		3922172D1DFE506D0014CE87 /* wf16.png in Resources */ = {isa = PBXBuildFile; fileRef = 392217131DFE506D0014CE87 /* wf16.png */; };
		3922172E1DFE506D0014CE87 /* wf17.png in Resources */ = {isa = PBXBuildFile; fileRef = 392217141DFE506D0014CE87 /* wf17.png */; };
		3922172F1DFE506D0014CE87 /* wf18.png in Resources */ = {isa = PBXBuildFile; fileRef = 392217151DFE506D0014CE87 /* wf18.png */; };
		392217301DFE506D0014CE87 /* wf19.png in Resources */ = {isa = PBXBuildFile; fileRef = 392217161DFE506D0014CE87 /* wf19.png */; };
		392217311DFE506D0014CE87 /* wf2.png in Resources */ = {isa = PBXBuildFile; fileRef = 392217171DFE506D0014CE87 /* wf2.png */; };
		392217321DFE506D0014CE87 /* wf20.png in Resources */ = {isa = PBXBuildFile; fileRef = 392217181DFE506D0014CE87 /* wf20.png */; };
		392217331DFE506D0014CE87 /* wf21.png in Resources */ = {isa = PBXBuildFile; fileRef = 392217191DFE506D0014CE87 /* wf21.png */; };
		392217341DFE506D0014CE87 /* wf22.png in Resources */ = {isa = PBXBuildFile; fileRef = 3922171A1DFE506D0014CE87 /* wf22.png */; };
		392217351DFE506D0014CE87 /* wf23.png in Resources */ = {isa = PBXBuildFile; fileRef = 3922171B1DFE506D0014CE87 /* wf23.png */; };
		392217361DFE506D0014CE87 /* wf24.png in Resources */ = {isa = PBXBuildFile; fileRef = 3922171C1DFE506D0014CE87 /* wf24.png */; };
		392217371DFE506D0014CE87 /* wf25.png in Resources */ = {isa = PBXBuildFile; fileRef = 3922171D1DFE506D0014CE87 /* wf25.png */; };
		392217381DFE506D0014CE87 /* wf3.png in Resources */ = {isa = PBXBuildFile; fileRef = 3922171E1DFE506D0014CE87 /* wf3.png */; };
		392217391DFE506D0014CE87 /* wf4.png in Resources */ = {isa = PBXBuildFile; fileRef = 3922171F1DFE506D0014CE87 /* wf4.png */; };
		3922173A1DFE506D0014CE87 /* wf5.png in Resources */ = {isa = PBXBuildFile; fileRef = 392217201DFE506D0014CE87 /* wf5.png */; };
		3922173B1DFE506D0014CE87 /* wf6.png in Resources */ = {isa = PBXBuildFile; fileRef = 392217211DFE506D0014CE87 /* wf6.png */; };
		3922173C1DFE506D0014CE87 /* wf7.png in Resources */ = {isa = PBXBuildFile; fileRef = 392217221DFE506D0014CE87 /* wf7.png */; };
		3922173D1DFE506D0014CE87 /* wf8.png in Resources */ = {isa = PBXBuildFile; fileRef = 392217231DFE506D0014CE87 /* wf8.png */; };
		3922173E1DFE506D0014CE87 /* wf9.png in Resources */ = {isa = PBXBuildFile; fileRef = 392217241DFE506D0014CE87 /* wf9.png */; };
		392217461DFE54310014CE87 /* CHTCollectionViewWaterfallLayout.m in Sources */ = {isa = PBXBuildFile; fileRef = 392217451DFE54310014CE87 /* CHTCollectionViewWaterfallLayout.m */; };
		392217491DFE54560014CE87 /* WaterFallController.m in Sources */ = {isa = PBXBuildFile; fileRef = 392217481DFE54560014CE87 /* WaterFallController.m */; };
		3922174C1DFE557C0014CE87 /* WFModel.m in Sources */ = {isa = PBXBuildFile; fileRef = 3922174B1DFE557C0014CE87 /* WFModel.m */; };
		392217501DFE840E0014CE87 /* UIColor+HEX.m in Sources */ = {isa = PBXBuildFile; fileRef = 3922174F1DFE840E0014CE87 /* UIColor+HEX.m */; };
		392217531DFE84190014CE87 /* UITableViewCell+Nib.m in Sources */ = {isa = PBXBuildFile; fileRef = 392217521DFE84190014CE87 /* UITableViewCell+Nib.m */; };
		392217561DFE84310014CE87 /* UICollectionViewCell+Nib.m in Sources */ = {isa = PBXBuildFile; fileRef = 392217551DFE84310014CE87 /* UICollectionViewCell+Nib.m */; };
		3922175A1DFE84570014CE87 /* WFCollectionViewCell.m in Sources */ = {isa = PBXBuildFile; fileRef = 392217581DFE84570014CE87 /* WFCollectionViewCell.m */; };
		3922175B1DFE84570014CE87 /* WFCollectionViewCell.xib in Resources */ = {isa = PBXBuildFile; fileRef = 392217591DFE84570014CE87 /* WFCollectionViewCell.xib */; };
		39E03C581DEFB17B008827FA /* main.m in Sources */ = {isa = PBXBuildFile; fileRef = 39E03C571DEFB17B008827FA /* main.m */; };
		39E03C5B1DEFB17B008827FA /* AppDelegate.m in Sources */ = {isa = PBXBuildFile; fileRef = 39E03C5A1DEFB17B008827FA /* AppDelegate.m */; };
		39E03C5E1DEFB17B008827FA /* ViewController.m in Sources */ = {isa = PBXBuildFile; fileRef = 39E03C5D1DEFB17B008827FA /* ViewController.m */; };
		39E03C611DEFB17B008827FA /* Main.storyboard in Resources */ = {isa = PBXBuildFile; fileRef = 39E03C5F1DEFB17B008827FA /* Main.storyboard */; };
		39E03C631DEFB17B008827FA /* Assets.xcassets in Resources */ = {isa = PBXBuildFile; fileRef = 39E03C621DEFB17B008827FA /* Assets.xcassets */; };
		39E03C661DEFB17B008827FA /* LaunchScreen.storyboard in Resources */ = {isa = PBXBuildFile; fileRef = 39E03C641DEFB17B008827FA /* LaunchScreen.storyboard */; };
		39E03C9E1DF004D6008827FA /* 0.jpg in Resources */ = {isa = PBXBuildFile; fileRef = 39E03C801DF004D6008827FA /* 0.jpg */; };
		39E03C9F1DF004D6008827FA /* 1.jpg in Resources */ = {isa = PBXBuildFile; fileRef = 39E03C811DF004D6008827FA /* 1.jpg */; };
		39E03CA01DF004D6008827FA /* 2.jpg in Resources */ = {isa = PBXBuildFile; fileRef = 39E03C821DF004D6008827FA /* 2.jpg */; };
		39E03CA11DF004D6008827FA /* 3.jpg in Resources */ = {isa = PBXBuildFile; fileRef = 39E03C831DF004D6008827FA /* 3.jpg */; };
		39E03CA21DF004D6008827FA /* 4.jpg in Resources */ = {isa = PBXBuildFile; fileRef = 39E03C841DF004D6008827FA /* 4.jpg */; };
		39E03CA31DF004D6008827FA /* 5.jpg in Resources */ = {isa = PBXBuildFile; fileRef = 39E03C851DF004D6008827FA /* 5.jpg */; };
		39E03CA41DF004D6008827FA /* 6.jpg in Resources */ = {isa = PBXBuildFile; fileRef = 39E03C861DF004D6008827FA /* 6.jpg */; };
		39E03CA51DF004D6008827FA /* 7.jpg in Resources */ = {isa = PBXBuildFile; fileRef = 39E03C871DF004D6008827FA /* 7.jpg */; };
		39E03CA61DF004D6008827FA /* 8.jpg in Resources */ = {isa = PBXBuildFile; fileRef = 39E03C881DF004D6008827FA /* 8.jpg */; };
		39E03CA71DF004D6008827FA /* 9.jpg in Resources */ = {isa = PBXBuildFile; fileRef = 39E03C891DF004D6008827FA /* 9.jpg */; };
		39E03CA81DF004D6008827FA /* 10.jpg in Resources */ = {isa = PBXBuildFile; fileRef = 39E03C8A1DF004D6008827FA /* 10.jpg */; };
		39E03CA91DF004D6008827FA /* 11.jpg in Resources */ = {isa = PBXBuildFile; fileRef = 39E03C8B1DF004D6008827FA /* 11.jpg */; };
		39E03CAA1DF004D6008827FA /* 12.jpg in Resources */ = {isa = PBXBuildFile; fileRef = 39E03C8C1DF004D6008827FA /* 12.jpg */; };
		39E03CAB1DF004D6008827FA /* 13.jpg in Resources */ = {isa = PBXBuildFile; fileRef = 39E03C8D1DF004D6008827FA /* 13.jpg */; };
		39E03CAC1DF004D6008827FA /* 14.jpg in Resources */ = {isa = PBXBuildFile; fileRef = 39E03C8E1DF004D6008827FA /* 14.jpg */; };
		39E03CAD1DF004D6008827FA /* 15.jpg in Resources */ = {isa = PBXBuildFile; fileRef = 39E03C8F1DF004D6008827FA /* 15.jpg */; };
		39E03CAE1DF004D6008827FA /* 16.jpg in Resources */ = {isa = PBXBuildFile; fileRef = 39E03C901DF004D6008827FA /* 16.jpg */; };
		39E03CAF1DF004D6008827FA /* 17.jpg in Resources */ = {isa = PBXBuildFile; fileRef = 39E03C911DF004D6008827FA /* 17.jpg */; };
		39E03CB01DF004D6008827FA /* 18.jpg in Resources */ = {isa = PBXBuildFile; fileRef = 39E03C921DF004D6008827FA /* 18.jpg */; };
		39E03CB11DF004D6008827FA /* 19.jpg in Resources */ = {isa = PBXBuildFile; fileRef = 39E03C931DF004D6008827FA /* 19.jpg */; };
		39E03CB21DF004D6008827FA /* 20.jpg in Resources */ = {isa = PBXBuildFile; fileRef = 39E03C941DF004D6008827FA /* 20.jpg */; };
		39E03CB31DF004D6008827FA /* 21.jpg in Resources */ = {isa = PBXBuildFile; fileRef = 39E03C951DF004D6008827FA /* 21.jpg */; };
		39E03CB41DF004D6008827FA /* 22.jpg in Resources */ = {isa = PBXBuildFile; fileRef = 39E03C961DF004D6008827FA /* 22.jpg */; };
		39E03CB51DF004D6008827FA /* 23.jpg in Resources */ = {isa = PBXBuildFile; fileRef = 39E03C971DF004D6008827FA /* 23.jpg */; };
		39E03CB61DF004D6008827FA /* 24.jpg in Resources */ = {isa = PBXBuildFile; fileRef = 39E03C981DF004D6008827FA /* 24.jpg */; };
		39E03CB71DF004D6008827FA /* 25.jpg in Resources */ = {isa = PBXBuildFile; fileRef = 39E03C991DF004D6008827FA /* 25.jpg */; };
		39E03CB81DF004D6008827FA /* 26.jpg in Resources */ = {isa = PBXBuildFile; fileRef = 39E03C9A1DF004D6008827FA /* 26.jpg */; };
		39E03CB91DF004D6008827FA /* 27.jpg in Resources */ = {isa = PBXBuildFile; fileRef = 39E03C9B1DF004D6008827FA /* 27.jpg */; };
		39E03CBA1DF004D6008827FA /* 28.jpg in Resources */ = {isa = PBXBuildFile; fileRef = 39E03C9C1DF004D6008827FA /* 28.jpg */; };
		39E03CBB1DF004D6008827FA /* 29.jpg in Resources */ = {isa = PBXBuildFile; fileRef = 39E03C9D1DF004D6008827FA /* 29.jpg */; };
		39E03CBD1DF00B76008827FA /* binder.png in Resources */ = {isa = PBXBuildFile; fileRef = 39E03CBC1DF00B76008827FA /* binder.png */; };
/* End PBXBuildFile section */

/* Begin PBXFileReference section */
		3922170B1DFE506D0014CE87 /* wf0.png */ = {isa = PBXFileReference; lastKnownFileType = image.png; path = wf0.png; sourceTree = "<group>"; };
		3922170C1DFE506D0014CE87 /* wf1.png */ = {isa = PBXFileReference; lastKnownFileType = image.png; path = wf1.png; sourceTree = "<group>"; };
		3922170D1DFE506D0014CE87 /* wf10.png */ = {isa = PBXFileReference; lastKnownFileType = image.png; path = wf10.png; sourceTree = "<group>"; };
		3922170E1DFE506D0014CE87 /* wf11.png */ = {isa = PBXFileReference; lastKnownFileType = image.png; path = wf11.png; sourceTree = "<group>"; };
		3922170F1DFE506D0014CE87 /* wf12.png */ = {isa = PBXFileReference; lastKnownFileType = image.png; path = wf12.png; sourceTree = "<group>"; };
		392217101DFE506D0014CE87 /* wf13.png */ = {isa = PBXFileReference; lastKnownFileType = image.png; path = wf13.png; sourceTree = "<group>"; };
		392217111DFE506D0014CE87 /* wf14.png */ = {isa = PBXFileReference; lastKnownFileType = image.png; path = wf14.png; sourceTree = "<group>"; };
		392217121DFE506D0014CE87 /* wf15.png */ = {isa = PBXFileReference; lastKnownFileType = image.png; path = wf15.png; sourceTree = "<group>"; };
		392217131DFE506D0014CE87 /* wf16.png */ = {isa = PBXFileReference; lastKnownFileType = image.png; path = wf16.png; sourceTree = "<group>"; };
		392217141DFE506D0014CE87 /* wf17.png */ = {isa = PBXFileReference; lastKnownFileType = image.png; path = wf17.png; sourceTree = "<group>"; };
		392217151DFE506D0014CE87 /* wf18.png */ = {isa = PBXFileReference; lastKnownFileType = image.png; path = wf18.png; sourceTree = "<group>"; };
		392217161DFE506D0014CE87 /* wf19.png */ = {isa = PBXFileReference; lastKnownFileType = image.png; path = wf19.png; sourceTree = "<group>"; };
		392217171DFE506D0014CE87 /* wf2.png */ = {isa = PBXFileReference; lastKnownFileType = image.png; path = wf2.png; sourceTree = "<group>"; };
		392217181DFE506D0014CE87 /* wf20.png */ = {isa = PBXFileReference; lastKnownFileType = image.png; path = wf20.png; sourceTree = "<group>"; };
		392217191DFE506D0014CE87 /* wf21.png */ = {isa = PBXFileReference; lastKnownFileType = image.png; path = wf21.png; sourceTree = "<group>"; };
		3922171A1DFE506D0014CE87 /* wf22.png */ = {isa = PBXFileReference; lastKnownFileType = image.png; path = wf22.png; sourceTree = "<group>"; };
		3922171B1DFE506D0014CE87 /* wf23.png */ = {isa = PBXFileReference; lastKnownFileType = image.png; path = wf23.png; sourceTree = "<group>"; };
		3922171C1DFE506D0014CE87 /* wf24.png */ = {isa = PBXFileReference; lastKnownFileType = image.png; path = wf24.png; sourceTree = "<group>"; };
		3922171D1DFE506D0014CE87 /* wf25.png */ = {isa = PBXFileReference; lastKnownFileType = image.png; path = wf25.png; sourceTree = "<group>"; };
		3922171E1DFE506D0014CE87 /* wf3.png */ = {isa = PBXFileReference; lastKnownFileType = image.png; path = wf3.png; sourceTree = "<group>"; };
		3922171F1DFE506D0014CE87 /* wf4.png */ = {isa = PBXFileReference; lastKnownFileType = image.png; path = wf4.png; sourceTree = "<group>"; };
		392217201DFE506D0014CE87 /* wf5.png */ = {isa = PBXFileReference; lastKnownFileType = image.png; path = wf5.png; sourceTree = "<group>"; };
		392217211DFE506D0014CE87 /* wf6.png */ = {isa = PBXFileReference; lastKnownFileType = image.png; path = wf6.png; sourceTree = "<group>"; };
		392217221DFE506D0014CE87 /* wf7.png */ = {isa = PBXFileReference; lastKnownFileType = image.png; path = wf7.png; sourceTree = "<group>"; };
		392217231DFE506D0014CE87 /* wf8.png */ = {isa = PBXFileReference; lastKnownFileType = image.png; path = wf8.png; sourceTree = "<group>"; };
		392217241DFE506D0014CE87 /* wf9.png */ = {isa = PBXFileReference; lastKnownFileType = image.png; path = wf9.png; sourceTree = "<group>"; };
		392217441DFE54310014CE87 /* CHTCollectionViewWaterfallLayout.h */ = {isa = PBXFileReference; fileEncoding = 4; lastKnownFileType = sourcecode.c.h; path = CHTCollectionViewWaterfallLayout.h; sourceTree = "<group>"; };
		392217451DFE54310014CE87 /* CHTCollectionViewWaterfallLayout.m */ = {isa = PBXFileReference; fileEncoding = 4; lastKnownFileType = sourcecode.c.objc; path = CHTCollectionViewWaterfallLayout.m; sourceTree = "<group>"; };
		392217471DFE54560014CE87 /* WaterFallController.h */ = {isa = PBXFileReference; fileEncoding = 4; lastKnownFileType = sourcecode.c.h; path = WaterFallController.h; sourceTree = "<group>"; };
		392217481DFE54560014CE87 /* WaterFallController.m */ = {isa = PBXFileReference; fileEncoding = 4; lastKnownFileType = sourcecode.c.objc; path = WaterFallController.m; sourceTree = "<group>"; };
		3922174A1DFE557C0014CE87 /* WFModel.h */ = {isa = PBXFileReference; fileEncoding = 4; lastKnownFileType = sourcecode.c.h; path = WFModel.h; sourceTree = "<group>"; };
		3922174B1DFE557C0014CE87 /* WFModel.m */ = {isa = PBXFileReference; fileEncoding = 4; lastKnownFileType = sourcecode.c.objc; path = WFModel.m; sourceTree = "<group>"; };
		3922174E1DFE840E0014CE87 /* UIColor+HEX.h */ = {isa = PBXFileReference; fileEncoding = 4; lastKnownFileType = sourcecode.c.h; path = "UIColor+HEX.h"; sourceTree = "<group>"; };
		3922174F1DFE840E0014CE87 /* UIColor+HEX.m */ = {isa = PBXFileReference; fileEncoding = 4; lastKnownFileType = sourcecode.c.objc; path = "UIColor+HEX.m"; sourceTree = "<group>"; };
		392217511DFE84190014CE87 /* UITableViewCell+Nib.h */ = {isa = PBXFileReference; fileEncoding = 4; lastKnownFileType = sourcecode.c.h; path = "UITableViewCell+Nib.h"; sourceTree = "<group>"; };
		392217521DFE84190014CE87 /* UITableViewCell+Nib.m */ = {isa = PBXFileReference; fileEncoding = 4; lastKnownFileType = sourcecode.c.objc; path = "UITableViewCell+Nib.m"; sourceTree = "<group>"; };
		392217541DFE84310014CE87 /* UICollectionViewCell+Nib.h */ = {isa = PBXFileReference; fileEncoding = 4; lastKnownFileType = sourcecode.c.h; path = "UICollectionViewCell+Nib.h"; sourceTree = "<group>"; };
		392217551DFE84310014CE87 /* UICollectionViewCell+Nib.m */ = {isa = PBXFileReference; fileEncoding = 4; lastKnownFileType = sourcecode.c.objc; path = "UICollectionViewCell+Nib.m"; sourceTree = "<group>"; };
		392217571DFE84570014CE87 /* WFCollectionViewCell.h */ = {isa = PBXFileReference; fileEncoding = 4; lastKnownFileType = sourcecode.c.h; path = WFCollectionViewCell.h; sourceTree = "<group>"; };
		392217581DFE84570014CE87 /* WFCollectionViewCell.m */ = {isa = PBXFileReference; fileEncoding = 4; lastKnownFileType = sourcecode.c.objc; path = WFCollectionViewCell.m; sourceTree = "<group>"; };
		392217591DFE84570014CE87 /* WFCollectionViewCell.xib */ = {isa = PBXFileReference; fileEncoding = 4; lastKnownFileType = file.xib; path = WFCollectionViewCell.xib; sourceTree = "<group>"; };
		39E03C531DEFB17B008827FA /* CollectionViewDemo.app */ = {isa = PBXFileReference; explicitFileType = wrapper.application; includeInIndex = 0; path = CollectionViewDemo.app; sourceTree = BUILT_PRODUCTS_DIR; };
		39E03C571DEFB17B008827FA /* main.m */ = {isa = PBXFileReference; lastKnownFileType = sourcecode.c.objc; path = main.m; sourceTree = "<group>"; };
		39E03C591DEFB17B008827FA /* AppDelegate.h */ = {isa = PBXFileReference; lastKnownFileType = sourcecode.c.h; path = AppDelegate.h; sourceTree = "<group>"; };
		39E03C5A1DEFB17B008827FA /* AppDelegate.m */ = {isa = PBXFileReference; lastKnownFileType = sourcecode.c.objc; path = AppDelegate.m; sourceTree = "<group>"; };
		39E03C5C1DEFB17B008827FA /* ViewController.h */ = {isa = PBXFileReference; lastKnownFileType = sourcecode.c.h; path = ViewController.h; sourceTree = "<group>"; };
		39E03C5D1DEFB17B008827FA /* ViewController.m */ = {isa = PBXFileReference; lastKnownFileType = sourcecode.c.objc; path = ViewController.m; sourceTree = "<group>"; };
		39E03C601DEFB17B008827FA /* Base */ = {isa = PBXFileReference; lastKnownFileType = file.storyboard; name = Base; path = Base.lproj/Main.storyboard; sourceTree = "<group>"; };
		39E03C621DEFB17B008827FA /* Assets.xcassets */ = {isa = PBXFileReference; lastKnownFileType = folder.assetcatalog; path = Assets.xcassets; sourceTree = "<group>"; };
		39E03C651DEFB17B008827FA /* Base */ = {isa = PBXFileReference; lastKnownFileType = file.storyboard; name = Base; path = Base.lproj/LaunchScreen.storyboard; sourceTree = "<group>"; };
		39E03C671DEFB17B008827FA /* Info.plist */ = {isa = PBXFileReference; lastKnownFileType = text.plist.xml; path = Info.plist; sourceTree = "<group>"; };
		39E03C801DF004D6008827FA /* 0.jpg */ = {isa = PBXFileReference; lastKnownFileType = image.jpeg; path = 0.jpg; sourceTree = "<group>"; };
		39E03C811DF004D6008827FA /* 1.jpg */ = {isa = PBXFileReference; lastKnownFileType = image.jpeg; path = 1.jpg; sourceTree = "<group>"; };
		39E03C821DF004D6008827FA /* 2.jpg */ = {isa = PBXFileReference; lastKnownFileType = image.jpeg; path = 2.jpg; sourceTree = "<group>"; };
		39E03C831DF004D6008827FA /* 3.jpg */ = {isa = PBXFileReference; lastKnownFileType = image.jpeg; path = 3.jpg; sourceTree = "<group>"; };
		39E03C841DF004D6008827FA /* 4.jpg */ = {isa = PBXFileReference; lastKnownFileType = image.jpeg; path = 4.jpg; sourceTree = "<group>"; };
		39E03C851DF004D6008827FA /* 5.jpg */ = {isa = PBXFileReference; lastKnownFileType = image.jpeg; path = 5.jpg; sourceTree = "<group>"; };
		39E03C861DF004D6008827FA /* 6.jpg */ = {isa = PBXFileReference; lastKnownFileType = image.jpeg; path = 6.jpg; sourceTree = "<group>"; };
		39E03C871DF004D6008827FA /* 7.jpg */ = {isa = PBXFileReference; lastKnownFileType = image.jpeg; path = 7.jpg; sourceTree = "<group>"; };
		39E03C881DF004D6008827FA /* 8.jpg */ = {isa = PBXFileReference; lastKnownFileType = image.jpeg; path = 8.jpg; sourceTree = "<group>"; };
		39E03C891DF004D6008827FA /* 9.jpg */ = {isa = PBXFileReference; lastKnownFileType = image.jpeg; path = 9.jpg; sourceTree = "<group>"; };
		39E03C8A1DF004D6008827FA /* 10.jpg */ = {isa = PBXFileReference; lastKnownFileType = image.jpeg; path = 10.jpg; sourceTree = "<group>"; };
		39E03C8B1DF004D6008827FA /* 11.jpg */ = {isa = PBXFileReference; lastKnownFileType = image.jpeg; path = 11.jpg; sourceTree = "<group>"; };
		39E03C8C1DF004D6008827FA /* 12.jpg */ = {isa = PBXFileReference; lastKnownFileType = image.jpeg; path = 12.jpg; sourceTree = "<group>"; };
		39E03C8D1DF004D6008827FA /* 13.jpg */ = {isa = PBXFileReference; lastKnownFileType = image.jpeg; path = 13.jpg; sourceTree = "<group>"; };
		39E03C8E1DF004D6008827FA /* 14.jpg */ = {isa = PBXFileReference; lastKnownFileType = image.jpeg; path = 14.jpg; sourceTree = "<group>"; };
		39E03C8F1DF004D6008827FA /* 15.jpg */ = {isa = PBXFileReference; lastKnownFileType = image.jpeg; path = 15.jpg; sourceTree = "<group>"; };
		39E03C901DF004D6008827FA /* 16.jpg */ = {isa = PBXFileReference; lastKnownFileType = image.jpeg; path = 16.jpg; sourceTree = "<group>"; };
		39E03C911DF004D6008827FA /* 17.jpg */ = {isa = PBXFileReference; lastKnownFileType = image.jpeg; path = 17.jpg; sourceTree = "<group>"; };
		39E03C921DF004D6008827FA /* 18.jpg */ = {isa = PBXFileReference; lastKnownFileType = image.jpeg; path = 18.jpg; sourceTree = "<group>"; };
		39E03C931DF004D6008827FA /* 19.jpg */ = {isa = PBXFileReference; lastKnownFileType = image.jpeg; path = 19.jpg; sourceTree = "<group>"; };
		39E03C941DF004D6008827FA /* 20.jpg */ = {isa = PBXFileReference; lastKnownFileType = image.jpeg; path = 20.jpg; sourceTree = "<group>"; };
		39E03C951DF004D6008827FA /* 21.jpg */ = {isa = PBXFileReference; lastKnownFileType = image.jpeg; path = 21.jpg; sourceTree = "<group>"; };
		39E03C961DF004D6008827FA /* 22.jpg */ = {isa = PBXFileReference; lastKnownFileType = image.jpeg; path = 22.jpg; sourceTree = "<group>"; };
		39E03C971DF004D6008827FA /* 23.jpg */ = {isa = PBXFileReference; lastKnownFileType = image.jpeg; path = 23.jpg; sourceTree = "<group>"; };
		39E03C981DF004D6008827FA /* 24.jpg */ = {isa = PBXFileReference; lastKnownFileType = image.jpeg; path = 24.jpg; sourceTree = "<group>"; };
		39E03C991DF004D6008827FA /* 25.jpg */ = {isa = PBXFileReference; lastKnownFileType = image.jpeg; path = 25.jpg; sourceTree = "<group>"; };
		39E03C9A1DF004D6008827FA /* 26.jpg */ = {isa = PBXFileReference; lastKnownFileType = image.jpeg; path = 26.jpg; sourceTree = "<group>"; };
		39E03C9B1DF004D6008827FA /* 27.jpg */ = {isa = PBXFileReference; lastKnownFileType = image.jpeg; path = 27.jpg; sourceTree = "<group>"; };
		39E03C9C1DF004D6008827FA /* 28.jpg */ = {isa = PBXFileReference; lastKnownFileType = image.jpeg; path = 28.jpg; sourceTree = "<group>"; };
		39E03C9D1DF004D6008827FA /* 29.jpg */ = {isa = PBXFileReference; lastKnownFileType = image.jpeg; path = 29.jpg; sourceTree = "<group>"; };
		39E03CBC1DF00B76008827FA /* binder.png */ = {isa = PBXFileReference; lastKnownFileType = image.png; path = binder.png; sourceTree = "<group>"; };
/* End PBXFileReference section */

/* Begin PBXFrameworksBuildPhase section */
		39E03C501DEFB17B008827FA /* Frameworks */ = {
			isa = PBXFrameworksBuildPhase;
			buildActionMask = 2147483647;
			files = (
			);
			runOnlyForDeploymentPostprocessing = 0;
		};
/* End PBXFrameworksBuildPhase section */

/* Begin PBXGroup section */
		3922170A1DFE506D0014CE87 /* waterfall */ = {
			isa = PBXGroup;
			children = (
				3922170B1DFE506D0014CE87 /* wf0.png */,
				3922170C1DFE506D0014CE87 /* wf1.png */,
				3922170D1DFE506D0014CE87 /* wf10.png */,
				3922170E1DFE506D0014CE87 /* wf11.png */,
				3922170F1DFE506D0014CE87 /* wf12.png */,
				392217101DFE506D0014CE87 /* wf13.png */,
				392217111DFE506D0014CE87 /* wf14.png */,
				392217121DFE506D0014CE87 /* wf15.png */,
				392217131DFE506D0014CE87 /* wf16.png */,
				392217141DFE506D0014CE87 /* wf17.png */,
				392217151DFE506D0014CE87 /* wf18.png */,
				392217161DFE506D0014CE87 /* wf19.png */,
				392217171DFE506D0014CE87 /* wf2.png */,
				392217181DFE506D0014CE87 /* wf20.png */,
				392217191DFE506D0014CE87 /* wf21.png */,
				3922171A1DFE506D0014CE87 /* wf22.png */,
				3922171B1DFE506D0014CE87 /* wf23.png */,
				3922171C1DFE506D0014CE87 /* wf24.png */,
				3922171D1DFE506D0014CE87 /* wf25.png */,
				3922171E1DFE506D0014CE87 /* wf3.png */,
				3922171F1DFE506D0014CE87 /* wf4.png */,
				392217201DFE506D0014CE87 /* wf5.png */,
				392217211DFE506D0014CE87 /* wf6.png */,
				392217221DFE506D0014CE87 /* wf7.png */,
				392217231DFE506D0014CE87 /* wf8.png */,
				392217241DFE506D0014CE87 /* wf9.png */,
			);
			path = waterfall;
			sourceTree = "<group>";
		};
		3922173F1DFE535F0014CE87 /* WaterFallLayout */ = {
			isa = PBXGroup;
			children = (
				392217401DFE535F0014CE87 /* controller */,
				392217411DFE535F0014CE87 /* model */,
				392217421DFE535F0014CE87 /* tool */,
				392217431DFE535F0014CE87 /* view */,
			);
			path = WaterFallLayout;
			sourceTree = "<group>";
		};
		392217401DFE535F0014CE87 /* controller */ = {
			isa = PBXGroup;
			children = (
				392217471DFE54560014CE87 /* WaterFallController.h */,
				392217481DFE54560014CE87 /* WaterFallController.m */,
			);
			path = controller;
			sourceTree = "<group>";
		};
		392217411DFE535F0014CE87 /* model */ = {
			isa = PBXGroup;
			children = (
				3922174A1DFE557C0014CE87 /* WFModel.h */,
				3922174B1DFE557C0014CE87 /* WFModel.m */,
			);
			path = model;
			sourceTree = "<group>";
		};
		392217421DFE535F0014CE87 /* tool */ = {
			isa = PBXGroup;
			children = (
				392217441DFE54310014CE87 /* CHTCollectionViewWaterfallLayout.h */,
				392217451DFE54310014CE87 /* CHTCollectionViewWaterfallLayout.m */,
			);
			path = tool;
			sourceTree = "<group>";
		};
		392217431DFE535F0014CE87 /* view */ = {
			isa = PBXGroup;
			children = (
				392217571DFE84570014CE87 /* WFCollectionViewCell.h */,
				392217581DFE84570014CE87 /* WFCollectionViewCell.m */,
				392217591DFE84570014CE87 /* WFCollectionViewCell.xib */,
			);
			path = view;
			sourceTree = "<group>";
		};
		3922174D1DFE83E30014CE87 /* Util */ = {
			isa = PBXGroup;
			children = (
				392217541DFE84310014CE87 /* UICollectionViewCell+Nib.h */,
				392217551DFE84310014CE87 /* UICollectionViewCell+Nib.m */,
				392217511DFE84190014CE87 /* UITableViewCell+Nib.h */,
				392217521DFE84190014CE87 /* UITableViewCell+Nib.m */,
				3922174E1DFE840E0014CE87 /* UIColor+HEX.h */,
				3922174F1DFE840E0014CE87 /* UIColor+HEX.m */,
			);
			path = Util;
			sourceTree = "<group>";
		};
		39E03C4A1DEFB17B008827FA = {
			isa = PBXGroup;
			children = (
				39E03C551DEFB17B008827FA /* CollectionViewDemo */,
				39E03C541DEFB17B008827FA /* Products */,
			);
			sourceTree = "<group>";
		};
		39E03C541DEFB17B008827FA /* Products */ = {
			isa = PBXGroup;
			children = (
				39E03C531DEFB17B008827FA /* CollectionViewDemo.app */,
			);
			name = Products;
			sourceTree = "<group>";
		};
		39E03C551DEFB17B008827FA /* CollectionViewDemo */ = {
			isa = PBXGroup;
			children = (
				3922174D1DFE83E30014CE87 /* Util */,
				3922173F1DFE535F0014CE87 /* WaterFallLayout */,
				39E03C781DF0030F008827FA /* Resources */,
				39E03C591DEFB17B008827FA /* AppDelegate.h */,
				39E03C5A1DEFB17B008827FA /* AppDelegate.m */,
				39E03C5C1DEFB17B008827FA /* ViewController.h */,
				39E03C5D1DEFB17B008827FA /* ViewController.m */,
				39E03C5F1DEFB17B008827FA /* Main.storyboard */,
				39E03C621DEFB17B008827FA /* Assets.xcassets */,
				39E03C641DEFB17B008827FA /* LaunchScreen.storyboard */,
				39E03C671DEFB17B008827FA /* Info.plist */,
				39E03C561DEFB17B008827FA /* Supporting Files */,
			);
			path = CollectionViewDemo;
			sourceTree = "<group>";
		};
		39E03C561DEFB17B008827FA /* Supporting Files */ = {
			isa = PBXGroup;
			children = (
				39E03C571DEFB17B008827FA /* main.m */,
			);
			name = "Supporting Files";
			sourceTree = "<group>";
		};
		39E03C781DF0030F008827FA /* Resources */ = {
			isa = PBXGroup;
			children = (
				3922170A1DFE506D0014CE87 /* waterfall */,
				39E03CBC1DF00B76008827FA /* binder.png */,
				39E03C801DF004D6008827FA /* 0.jpg */,
				39E03C811DF004D6008827FA /* 1.jpg */,
				39E03C821DF004D6008827FA /* 2.jpg */,
				39E03C831DF004D6008827FA /* 3.jpg */,
				39E03C841DF004D6008827FA /* 4.jpg */,
				39E03C851DF004D6008827FA /* 5.jpg */,
				39E03C861DF004D6008827FA /* 6.jpg */,
				39E03C871DF004D6008827FA /* 7.jpg */,
				39E03C881DF004D6008827FA /* 8.jpg */,
				39E03C891DF004D6008827FA /* 9.jpg */,
				39E03C8A1DF004D6008827FA /* 10.jpg */,
				39E03C8B1DF004D6008827FA /* 11.jpg */,
				39E03C8C1DF004D6008827FA /* 12.jpg */,
				39E03C8D1DF004D6008827FA /* 13.jpg */,
				39E03C8E1DF004D6008827FA /* 14.jpg */,
				39E03C8F1DF004D6008827FA /* 15.jpg */,
				39E03C901DF004D6008827FA /* 16.jpg */,
				39E03C911DF004D6008827FA /* 17.jpg */,
				39E03C921DF004D6008827FA /* 18.jpg */,
				39E03C931DF004D6008827FA /* 19.jpg */,
				39E03C941DF004D6008827FA /* 20.jpg */,
				39E03C951DF004D6008827FA /* 21.jpg */,
				39E03C961DF004D6008827FA /* 22.jpg */,
				39E03C971DF004D6008827FA /* 23.jpg */,
				39E03C981DF004D6008827FA /* 24.jpg */,
				39E03C991DF004D6008827FA /* 25.jpg */,
				39E03C9A1DF004D6008827FA /* 26.jpg */,
				39E03C9B1DF004D6008827FA /* 27.jpg */,
				39E03C9C1DF004D6008827FA /* 28.jpg */,
				39E03C9D1DF004D6008827FA /* 29.jpg */,
			);
			path = Resources;
			sourceTree = "<group>";
		};
/* End PBXGroup section */

/* Begin PBXNativeTarget section */
		39E03C521DEFB17B008827FA /* CollectionViewDemo */ = {
			isa = PBXNativeTarget;
			buildConfigurationList = 39E03C6A1DEFB17B008827FA /* Build configuration list for PBXNativeTarget "CollectionViewDemo" */;
			buildPhases = (
				39E03C4F1DEFB17B008827FA /* Sources */,
				39E03C501DEFB17B008827FA /* Frameworks */,
				39E03C511DEFB17B008827FA /* Resources */,
			);
			buildRules = (
			);
			dependencies = (
			);
			name = CollectionViewDemo;
			productName = CollectionViewDemo;
			productReference = 39E03C531DEFB17B008827FA /* CollectionViewDemo.app */;
			productType = "com.apple.product-type.application";
		};
/* End PBXNativeTarget section */

/* Begin PBXProject section */
		39E03C4B1DEFB17B008827FA /* Project object */ = {
			isa = PBXProject;
			attributes = {
				LastUpgradeCheck = 0810;
				ORGANIZATIONNAME = vcredit;
				TargetAttributes = {
					39E03C521DEFB17B008827FA = {
						CreatedOnToolsVersion = 8.1;
						ProvisioningStyle = Automatic;
					};
				};
			};
			buildConfigurationList = 39E03C4E1DEFB17B008827FA /* Build configuration list for PBXProject "CollectionViewDemo" */;
			compatibilityVersion = "Xcode 3.2";
			developmentRegion = English;
			hasScannedForEncodings = 0;
			knownRegions = (
				en,
				Base,
			);
			mainGroup = 39E03C4A1DEFB17B008827FA;
			productRefGroup = 39E03C541DEFB17B008827FA /* Products */;
			projectDirPath = "";
			projectRoot = "";
			targets = (
				39E03C521DEFB17B008827FA /* CollectionViewDemo */,
			);
		};
/* End PBXProject section */

/* Begin PBXResourcesBuildPhase section */
		39E03C511DEFB17B008827FA /* Resources */ = {
			isa = PBXResourcesBuildPhase;
			buildActionMask = 2147483647;
			files = (
				39E03CAE1DF004D6008827FA /* 16.jpg in Resources */,
				39E03CAC1DF004D6008827FA /* 14.jpg in Resources */,
				392217351DFE506D0014CE87 /* wf23.png in Resources */,
				3922172C1DFE506D0014CE87 /* wf15.png in Resources */,
				39E03CA91DF004D6008827FA /* 11.jpg in Resources */,
				392217251DFE506D0014CE87 /* wf0.png in Resources */,
				39E03CA71DF004D6008827FA /* 9.jpg in Resources */,
				392217331DFE506D0014CE87 /* wf21.png in Resources */,
				39E03CA61DF004D6008827FA /* 8.jpg in Resources */,
				39E03CB81DF004D6008827FA /* 26.jpg in Resources */,
				39E03CA51DF004D6008827FA /* 7.jpg in Resources */,
				39E03CA21DF004D6008827FA /* 4.jpg in Resources */,
				3922173A1DFE506D0014CE87 /* wf5.png in Resources */,
				39E03CBB1DF004D6008827FA /* 29.jpg in Resources */,
				3922172F1DFE506D0014CE87 /* wf18.png in Resources */,
				392217391DFE506D0014CE87 /* wf4.png in Resources */,
				392217361DFE506D0014CE87 /* wf24.png in Resources */,
				39E03CBD1DF00B76008827FA /* binder.png in Resources */,
				392217271DFE506D0014CE87 /* wf10.png in Resources */,
				392217281DFE506D0014CE87 /* wf11.png in Resources */,
				392217341DFE506D0014CE87 /* wf22.png in Resources */,
				39E03CAD1DF004D6008827FA /* 15.jpg in Resources */,
				39E03CB71DF004D6008827FA /* 25.jpg in Resources */,
				3922172E1DFE506D0014CE87 /* wf17.png in Resources */,
				3922173E1DFE506D0014CE87 /* wf9.png in Resources */,
				39E03CAB1DF004D6008827FA /* 13.jpg in Resources */,
				39E03CA01DF004D6008827FA /* 2.jpg in Resources */,
				3922173D1DFE506D0014CE87 /* wf8.png in Resources */,
				39E03C9E1DF004D6008827FA /* 0.jpg in Resources */,
				3922173B1DFE506D0014CE87 /* wf6.png in Resources */,
				39E03CB11DF004D6008827FA /* 19.jpg in Resources */,
				39E03CA31DF004D6008827FA /* 5.jpg in Resources */,
				39E03CB41DF004D6008827FA /* 22.jpg in Resources */,
				39E03CB01DF004D6008827FA /* 18.jpg in Resources */,
				392217311DFE506D0014CE87 /* wf2.png in Resources */,
				392217321DFE506D0014CE87 /* wf20.png in Resources */,
				39E03CAA1DF004D6008827FA /* 12.jpg in Resources */,
				3922175B1DFE84570014CE87 /* WFCollectionViewCell.xib in Resources */,
				392217301DFE506D0014CE87 /* wf19.png in Resources */,
				392217371DFE506D0014CE87 /* wf25.png in Resources */,
				39E03CB91DF004D6008827FA /* 27.jpg in Resources */,
				39E03CA41DF004D6008827FA /* 6.jpg in Resources */,
				39E03CA81DF004D6008827FA /* 10.jpg in Resources */,
				392217261DFE506D0014CE87 /* wf1.png in Resources */,
				39E03CAF1DF004D6008827FA /* 17.jpg in Resources */,
				3922172D1DFE506D0014CE87 /* wf16.png in Resources */,
				39E03C661DEFB17B008827FA /* LaunchScreen.storyboard in Resources */,
				3922173C1DFE506D0014CE87 /* wf7.png in Resources */,
				39E03C631DEFB17B008827FA /* Assets.xcassets in Resources */,
				39E03CB31DF004D6008827FA /* 21.jpg in Resources */,
				3922172B1DFE506D0014CE87 /* wf14.png in Resources */,
				39E03C611DEFB17B008827FA /* Main.storyboard in Resources */,
				392217291DFE506D0014CE87 /* wf12.png in Resources */,
				39E03CB61DF004D6008827FA /* 24.jpg in Resources */,
				39E03CB51DF004D6008827FA /* 23.jpg in Resources */,
				392217381DFE506D0014CE87 /* wf3.png in Resources */,
				39E03CA11DF004D6008827FA /* 3.jpg in Resources */,
				3922172A1DFE506D0014CE87 /* wf13.png in Resources */,
				39E03C9F1DF004D6008827FA /* 1.jpg in Resources */,
				39E03CB21DF004D6008827FA /* 20.jpg in Resources */,
				39E03CBA1DF004D6008827FA /* 28.jpg in Resources */,
			);
			runOnlyForDeploymentPostprocessing = 0;
		};
/* End PBXResourcesBuildPhase section */

/* Begin PBXSourcesBuildPhase section */
		39E03C4F1DEFB17B008827FA /* Sources */ = {
			isa = PBXSourcesBuildPhase;
			buildActionMask = 2147483647;
			files = (
				39E03C5E1DEFB17B008827FA /* ViewController.m in Sources */,
				39E03C5B1DEFB17B008827FA /* AppDelegate.m in Sources */,
				392217561DFE84310014CE87 /* UICollectionViewCell+Nib.m in Sources */,
				392217491DFE54560014CE87 /* WaterFallController.m in Sources */,
				392217501DFE840E0014CE87 /* UIColor+HEX.m in Sources */,
				39E03C581DEFB17B008827FA /* main.m in Sources */,
				392217531DFE84190014CE87 /* UITableViewCell+Nib.m in Sources */,
				3922175A1DFE84570014CE87 /* WFCollectionViewCell.m in Sources */,
				3922174C1DFE557C0014CE87 /* WFModel.m in Sources */,
				392217461DFE54310014CE87 /* CHTCollectionViewWaterfallLayout.m in Sources */,
			);
			runOnlyForDeploymentPostprocessing = 0;
		};
/* End PBXSourcesBuildPhase section */

/* Begin PBXVariantGroup section */
		39E03C5F1DEFB17B008827FA /* Main.storyboard */ = {
			isa = PBXVariantGroup;
			children = (
				39E03C601DEFB17B008827FA /* Base */,
			);
			name = Main.storyboard;
			sourceTree = "<group>";
		};
		39E03C641DEFB17B008827FA /* LaunchScreen.storyboard */ = {
			isa = PBXVariantGroup;
			children = (
				39E03C651DEFB17B008827FA /* Base */,
			);
			name = LaunchScreen.storyboard;
			sourceTree = "<group>";
		};
/* End PBXVariantGroup section */

/* Begin XCBuildConfiguration section */
		39E03C681DEFB17B008827FA /* Debug */ = {
			isa = XCBuildConfiguration;
			buildSettings = {
				ALWAYS_SEARCH_USER_PATHS = NO;
				CLANG_ANALYZER_NONNULL = YES;
				CLANG_CXX_LANGUAGE_STANDARD = "gnu++0x";
				CLANG_CXX_LIBRARY = "libc++";
				CLANG_ENABLE_MODULES = YES;
				CLANG_ENABLE_OBJC_ARC = YES;
				CLANG_WARN_BOOL_CONVERSION = YES;
				CLANG_WARN_CONSTANT_CONVERSION = YES;
				CLANG_WARN_DIRECT_OBJC_ISA_USAGE = YES_ERROR;
				CLANG_WARN_DOCUMENTATION_COMMENTS = YES;
				CLANG_WARN_EMPTY_BODY = YES;
				CLANG_WARN_ENUM_CONVERSION = YES;
				CLANG_WARN_INFINITE_RECURSION = YES;
				CLANG_WARN_INT_CONVERSION = YES;
				CLANG_WARN_OBJC_ROOT_CLASS = YES_ERROR;
				CLANG_WARN_SUSPICIOUS_MOVES = YES;
				CLANG_WARN_UNREACHABLE_CODE = YES;
				CLANG_WARN__DUPLICATE_METHOD_MATCH = YES;
				"CODE_SIGN_IDENTITY[sdk=iphoneos*]" = "iPhone Developer";
				COPY_PHASE_STRIP = NO;
				DEBUG_INFORMATION_FORMAT = dwarf;
				ENABLE_STRICT_OBJC_MSGSEND = YES;
				ENABLE_TESTABILITY = YES;
				GCC_C_LANGUAGE_STANDARD = gnu99;
				GCC_DYNAMIC_NO_PIC = NO;
				GCC_NO_COMMON_BLOCKS = YES;
				GCC_OPTIMIZATION_LEVEL = 0;
				GCC_PREPROCESSOR_DEFINITIONS = (
					"DEBUG=1",
					"$(inherited)",
				);
				GCC_WARN_64_TO_32_BIT_CONVERSION = YES;
				GCC_WARN_ABOUT_RETURN_TYPE = YES_ERROR;
				GCC_WARN_UNDECLARED_SELECTOR = YES;
				GCC_WARN_UNINITIALIZED_AUTOS = YES_AGGRESSIVE;
				GCC_WARN_UNUSED_FUNCTION = YES;
				GCC_WARN_UNUSED_VARIABLE = YES;
				IPHONEOS_DEPLOYMENT_TARGET = 10.1;
				MTL_ENABLE_DEBUG_INFO = YES;
				ONLY_ACTIVE_ARCH = YES;
				SDKROOT = iphoneos;
				TARGETED_DEVICE_FAMILY = "1,2";
			};
			name = Debug;
		};
		39E03C691DEFB17B008827FA /* Release */ = {
			isa = XCBuildConfiguration;
			buildSettings = {
				ALWAYS_SEARCH_USER_PATHS = NO;
				CLANG_ANALYZER_NONNULL = YES;
				CLANG_CXX_LANGUAGE_STANDARD = "gnu++0x";
				CLANG_CXX_LIBRARY = "libc++";
				CLANG_ENABLE_MODULES = YES;
				CLANG_ENABLE_OBJC_ARC = YES;
				CLANG_WARN_BOOL_CONVERSION = YES;
				CLANG_WARN_CONSTANT_CONVERSION = YES;
				CLANG_WARN_DIRECT_OBJC_ISA_USAGE = YES_ERROR;
				CLANG_WARN_DOCUMENTATION_COMMENTS = YES;
				CLANG_WARN_EMPTY_BODY = YES;
				CLANG_WARN_ENUM_CONVERSION = YES;
				CLANG_WARN_INFINITE_RECURSION = YES;
				CLANG_WARN_INT_CONVERSION = YES;
				CLANG_WARN_OBJC_ROOT_CLASS = YES_ERROR;
				CLANG_WARN_SUSPICIOUS_MOVES = YES;
				CLANG_WARN_UNREACHABLE_CODE = YES;
				CLANG_WARN__DUPLICATE_METHOD_MATCH = YES;
				"CODE_SIGN_IDENTITY[sdk=iphoneos*]" = "iPhone Developer";
				COPY_PHASE_STRIP = NO;
				DEBUG_INFORMATION_FORMAT = "dwarf-with-dsym";
				ENABLE_NS_ASSERTIONS = NO;
				ENABLE_STRICT_OBJC_MSGSEND = YES;
				GCC_C_LANGUAGE_STANDARD = gnu99;
				GCC_NO_COMMON_BLOCKS = YES;
				GCC_WARN_64_TO_32_BIT_CONVERSION = YES;
				GCC_WARN_ABOUT_RETURN_TYPE = YES_ERROR;
				GCC_WARN_UNDECLARED_SELECTOR = YES;
				GCC_WARN_UNINITIALIZED_AUTOS = YES_AGGRESSIVE;
				GCC_WARN_UNUSED_FUNCTION = YES;
				GCC_WARN_UNUSED_VARIABLE = YES;
				IPHONEOS_DEPLOYMENT_TARGET = 10.1;
				MTL_ENABLE_DEBUG_INFO = NO;
				SDKROOT = iphoneos;
				TARGETED_DEVICE_FAMILY = "1,2";
				VALIDATE_PRODUCT = YES;
			};
			name = Release;
		};
		39E03C6B1DEFB17B008827FA /* Debug */ = {
			isa = XCBuildConfiguration;
			buildSettings = {
				ASSETCATALOG_COMPILER_APPICON_NAME = AppIcon;
				INFOPLIST_FILE = CollectionViewDemo/Info.plist;
				IPHONEOS_DEPLOYMENT_TARGET = 8.0;
				LD_RUNPATH_SEARCH_PATHS = "$(inherited) @executable_path/Frameworks";
				PRODUCT_BUNDLE_IDENTIFIER = com.vcredit.CollectionViewDemo;
				PRODUCT_NAME = "$(TARGET_NAME)";
			};
			name = Debug;
		};
		39E03C6C1DEFB17B008827FA /* Release */ = {
			isa = XCBuildConfiguration;
			buildSettings = {
				ASSETCATALOG_COMPILER_APPICON_NAME = AppIcon;
				INFOPLIST_FILE = CollectionViewDemo/Info.plist;
				IPHONEOS_DEPLOYMENT_TARGET = 8.0;
				LD_RUNPATH_SEARCH_PATHS = "$(inherited) @executable_path/Frameworks";
				PRODUCT_BUNDLE_IDENTIFIER = com.vcredit.CollectionViewDemo;
				PRODUCT_NAME = "$(TARGET_NAME)";
			};
			name = Release;
		};
/* End XCBuildConfiguration section */

/* Begin XCConfigurationList section */
		39E03C4E1DEFB17B008827FA /* Build configuration list for PBXProject "CollectionViewDemo" */ = {
			isa = XCConfigurationList;
			buildConfigurations = (
				39E03C681DEFB17B008827FA /* Debug */,
				39E03C691DEFB17B008827FA /* Release */,
			);
			defaultConfigurationIsVisible = 0;
			defaultConfigurationName = Release;
		};
		39E03C6A1DEFB17B008827FA /* Build configuration list for PBXNativeTarget "CollectionViewDemo" */ = {
			isa = XCConfigurationList;
			buildConfigurations = (
				39E03C6B1DEFB17B008827FA /* Debug */,
				39E03C6C1DEFB17B008827FA /* Release */,
			);
			defaultConfigurationIsVisible = 0;
			defaultConfigurationName = Release;
		};
/* End XCConfigurationList section */
	};
	rootObject = 39E03C4B1DEFB17B008827FA /* Project object */;
}
